chainguard.dev/exitdir v0.0.2 h1:l3nKh3PqKpJTuNkwuJhjuFsn9kWzVS01gVKc6lAnblA=
chainguard.dev/exitdir v0.0.2/go.mod h1:peUw47JPRSE1Xs5NlrBSqW2oakEtjKk0s6cQKX8Rohg=
github.com/fsnotify/fsnotify v1.9.0 h1:2Ml+OJNzbYCTzsxtv8vKSFD9PbJjmhYF14k/jKC7S9k=
github.com/fsnotify/fsnotify v1.9.0/go.mod h1:8jBTzvmWwFyi3Pb8djgCCO5IBqzKJ/Jwo8TRcHyHii0=
golang.org/x/sys v0.40.0 h1:DBZZqJ2Rkml6QMQsZywtnjnnGvHza6BTfYFWY9kjEWQ=
knative.dev/pkg v0.0.0-20230612155445-74c4be5e935e h1:koM+NopG2Yw738NlJhQF3ZwpyS+HHznuLm294VYlUKg=
knative.dev/pkg v0.0.0-20230612155445-74c4be5e935e/go.mod h1:dqC6IrvyBE7E+oZocs5PkVhq1G59pDTA7r8U17EAKMk=
